
Microsoft Visual Studio Solution File, Format Version 12.00
# Visual Studio Version 16
VisualStudioVersion = 16.0.30320.27
MinimumVisualStudioVersion = 10.0.40219.1
Project("{FAE04EC0-301F-11D3-BF4B-00C04F79EFBC}") = "Laba4", "Laba4\Laba4.csproj", "{2403CE6B-AD52-431C-BB7D-C30297606BC9}"
EndProject
Global
	GlobalSection(SolutionConfigurationPlatforms) = preSolution
		Debug|Any CPU = Debug|Any CPU
		Release|Any CPU = Release|Any CPU
	EndGlobalSection
	GlobalSection(ProjectConfigurationPlatforms) = postSolution
		{2403CE6B-AD52-431C-BB7D-C30297606BC9}.Debug|Any CPU.ActiveCfg = Debug|Any CPU
		{2403CE6B-AD52-431C-BB7D-C30297606BC9}.Debug|Any CPU.Build.0 = Debug|Any CPU
		{2403CE6B-AD52-431C-BB7D-C30297606BC9}.Release|Any CPU.ActiveCfg = Release|Any CPU
		{2403CE6B-AD52-431C-BB7D-C30297606BC9}.Release|Any CPU.Build.0 = Release|Any CPU
	EndGlobalSection
	GlobalSection(SolutionProperties) = preSolution
		HideSolutionNode = FALSE
	EndGlobalSection
	GlobalSection(ExtensibilityGlobals) = postSolution
		SolutionGuid = {50E68ACA-3733-4F08-9AC1-DBA20D61665C}
	EndGlobalSection
EndGlobal
