
Microsoft Visual Studio Solution File, Format Version 12.00
# Visual Studio Version 16
VisualStudioVersion = 16.0.30320.27
MinimumVisualStudioVersion = 10.0.40219.1
Project("{FAE04EC0-301F-11D3-BF4B-00C04F79EFBC}") = "laba1", "laba1\laba1.csproj", "{135B7295-A21D-429A-8312-20BD4314F361}"
EndProject
Global
	GlobalSection(SolutionConfigurationPlatforms) = preSolution
		Debug|Any CPU = Debug|Any CPU
		Release|Any CPU = Release|Any CPU
	EndGlobalSection
	GlobalSection(ProjectConfigurationPlatforms) = postSolution
		{135B7295-A21D-429A-8312-20BD4314F361}.Debug|Any CPU.ActiveCfg = Debug|Any CPU
		{135B7295-A21D-429A-8312-20BD4314F361}.Debug|Any CPU.Build.0 = Debug|Any CPU
		{135B7295-A21D-429A-8312-20BD4314F361}.Release|Any CPU.ActiveCfg = Release|Any CPU
		{135B7295-A21D-429A-8312-20BD4314F361}.Release|Any CPU.Build.0 = Release|Any CPU
	EndGlobalSection
	GlobalSection(SolutionProperties) = preSolution
		HideSolutionNode = FALSE
	EndGlobalSection
	GlobalSection(ExtensibilityGlobals) = postSolution
		SolutionGuid = {16C6846A-7682-4C06-A3D8-C4FF252DE10D}
	EndGlobalSection
EndGlobal
