
Microsoft Visual Studio Solution File, Format Version 12.00
# Visual Studio Version 16
VisualStudioVersion = 16.0.30320.27
MinimumVisualStudioVersion = 10.0.40219.1
Project("{FAE04EC0-301F-11D3-BF4B-00C04F79EFBC}") = "Laba3", "Laba3\Laba3.csproj", "{975CBCFB-AAD2-4655-9C05-AEDF6D8D2235}"
EndProject
Global
	GlobalSection(SolutionConfigurationPlatforms) = preSolution
		Debug|Any CPU = Debug|Any CPU
		Release|Any CPU = Release|Any CPU
	EndGlobalSection
	GlobalSection(ProjectConfigurationPlatforms) = postSolution
		{975CBCFB-AAD2-4655-9C05-AEDF6D8D2235}.Debug|Any CPU.ActiveCfg = Debug|Any CPU
		{975CBCFB-AAD2-4655-9C05-AEDF6D8D2235}.Debug|Any CPU.Build.0 = Debug|Any CPU
		{975CBCFB-AAD2-4655-9C05-AEDF6D8D2235}.Release|Any CPU.ActiveCfg = Release|Any CPU
		{975CBCFB-AAD2-4655-9C05-AEDF6D8D2235}.Release|Any CPU.Build.0 = Release|Any CPU
	EndGlobalSection
	GlobalSection(SolutionProperties) = preSolution
		HideSolutionNode = FALSE
	EndGlobalSection
	GlobalSection(ExtensibilityGlobals) = postSolution
		SolutionGuid = {00391EC7-5B15-475D-8341-46C24C585083}
	EndGlobalSection
EndGlobal
